
Microsoft Visual Studio Solution File, Format Version 12.00
# Visual Studio Version 16
VisualStudioVersion = 16.0.31019.35
MinimumVisualStudioVersion = 10.0.40219.1
Project("{FAE04EC0-301F-11D3-BF4B-00C04F79EFBC}") = "Hector", "Hector\Hector.csproj", "{CFAC2457-2397-4F67-8010-5A1B1E1CEAD3}"
EndProject
Global
	GlobalSection(SolutionConfigurationPlatforms) = preSolution
		Debug|Any CPU = Debug|Any CPU
		Release|Any CPU = Release|Any CPU
	EndGlobalSection
	GlobalSection(ProjectConfigurationPlatforms) = postSolution
		{CFAC2457-2397-4F67-8010-5A1B1E1CEAD3}.Debug|Any CPU.ActiveCfg = Debug|Any CPU
		{CFAC2457-2397-4F67-8010-5A1B1E1CEAD3}.Debug|Any CPU.Build.0 = Debug|Any CPU
		{CFAC2457-2397-4F67-8010-5A1B1E1CEAD3}.Release|Any CPU.ActiveCfg = Release|Any CPU
		{CFAC2457-2397-4F67-8010-5A1B1E1CEAD3}.Release|Any CPU.Build.0 = Release|Any CPU
	EndGlobalSection
	GlobalSection(SolutionProperties) = preSolution
		HideSolutionNode = FALSE
	EndGlobalSection
	GlobalSection(ExtensibilityGlobals) = postSolution
		SolutionGuid = {DD10A1E2-03DF-43E8-9438-8E747CAB6E93}
	EndGlobalSection
EndGlobal
